
Microsoft Visual Studio Solution File, Format Version 12.00
# Visual Studio Version 16
VisualStudioVersion = 16.0.29409.12
MinimumVisualStudioVersion = 10.0.40219.1
Project("{2150E333-8FDC-42A3-9474-1A3956D46DE8}") = "Solution Items", "Solution Items", "{ABFE981E-65DD-4764-952A-DE4F2D055AEA}"
	ProjectSection(SolutionItems) = preProject
		generate-docs.ps1 = generate-docs.ps1
		generate-nuget-packages.ps1 = generate-nuget-packages.ps1
		push-nuget-packages.ps1 = push-nuget-packages.ps1
		README.md = README.md
	EndProjectSection
EndProject
Project("{E24C65DC-7377-472B-9ABA-BC803B73C61A}") = "docs", "docs\", "{4D722034-2801-4C7F-91EA-19714E2D0B1D}"
	ProjectSection(WebsiteProperties) = preProject
		TargetFrameworkMoniker = ".NETFramework,Version%3Dv4.0"
		Debug.AspNetCompiler.VirtualPath = "/localhost_56947"
		Debug.AspNetCompiler.PhysicalPath = "docs\"
		Debug.AspNetCompiler.TargetPath = "PrecompiledWeb\localhost_56947\"
		Debug.AspNetCompiler.Updateable = "true"
		Debug.AspNetCompiler.ForceOverwrite = "true"
		Debug.AspNetCompiler.FixedNames = "false"
		Debug.AspNetCompiler.Debug = "True"
		Release.AspNetCompiler.VirtualPath = "/localhost_56947"
		Release.AspNetCompiler.PhysicalPath = "docs\"
		Release.AspNetCompiler.TargetPath = "PrecompiledWeb\localhost_56947\"
		Release.AspNetCompiler.Updateable = "true"
		Release.AspNetCompiler.ForceOverwrite = "true"
		Release.AspNetCompiler.FixedNames = "false"
		Release.AspNetCompiler.Debug = "False"
		VWDPort = "56947"
		SlnRelativePath = "docs\"
	EndProjectSection
EndProject
Project("{E24C65DC-7377-472B-9ABA-BC803B73C61A}") = "docfx_project", "docfx_project\", "{934C100B-6EC4-47F0-A5EA-5AD829D93506}"
	ProjectSection(WebsiteProperties) = preProject
		TargetFrameworkMoniker = ".NETFramework,Version%3Dv4.0"
		Debug.AspNetCompiler.VirtualPath = "/localhost_56415"
		Debug.AspNetCompiler.PhysicalPath = "docfx_project\"
		Debug.AspNetCompiler.TargetPath = "PrecompiledWeb\localhost_56415\"
		Debug.AspNetCompiler.Updateable = "true"
		Debug.AspNetCompiler.ForceOverwrite = "true"
		Debug.AspNetCompiler.FixedNames = "false"
		Debug.AspNetCompiler.Debug = "True"
		Release.AspNetCompiler.VirtualPath = "/localhost_56415"
		Release.AspNetCompiler.PhysicalPath = "docfx_project\"
		Release.AspNetCompiler.TargetPath = "PrecompiledWeb\localhost_56415\"
		Release.AspNetCompiler.Updateable = "true"
		Release.AspNetCompiler.ForceOverwrite = "true"
		Release.AspNetCompiler.FixedNames = "false"
		Release.AspNetCompiler.Debug = "False"
		VWDPort = "56415"
		SlnRelativePath = "docfx_project\"
	EndProjectSection
EndProject
Project("{9A19103F-16F7-4668-BE54-9A1E7A4F7556}") = "Butterfly.Message", "Butterfly.Message\Butterfly.Message.csproj", "{8251E5DA-1E55-4F11-BF94-08C84D76819E}"
EndProject
Project("{9A19103F-16F7-4668-BE54-9A1E7A4F7556}") = "Butterfly.Message.Aws", "Butterfly.Message.Aws\Butterfly.Message.Aws.csproj", "{CBBDF382-4E19-46E9-B5A3-462C70BF67EE}"
EndProject
Project("{9A19103F-16F7-4668-BE54-9A1E7A4F7556}") = "Butterfly.Message.Twilio", "Butterfly.Message.Twilio\Butterfly.Message.Twilio.csproj", "{F53A853E-B7A9-4FDC-83C8-B56A11BD1918}"
EndProject
Project("{9A19103F-16F7-4668-BE54-9A1E7A4F7556}") = "Butterfly.Message.Test", "Butterfly.Message.Test\Butterfly.Message.Test.csproj", "{6A9656A3-53DD-429D-BE13-0E9C4ED16904}"
EndProject
Project("{9A19103F-16F7-4668-BE54-9A1E7A4F7556}") = "Butterfly.Message.Aws.Test", "Butterfly.Message.Aws.Test\Butterfly.Message.Aws.Test.csproj", "{4731523C-53F5-48CB-9058-1FB1E2948634}"
EndProject
Project("{9A19103F-16F7-4668-BE54-9A1E7A4F7556}") = "Butterfly.Message.Twilio.Test", "Butterfly.Message.Twilio.Test\Butterfly.Message.Twilio.Test.csproj", "{DE097AD4-DAE6-412B-B26E-44D30D932A18}"
EndProject
Project("{9A19103F-16F7-4668-BE54-9A1E7A4F7556}") = "Butterfly.Db", "..\Butterfly.Db\Butterfly.Db\Butterfly.Db.csproj", "{0C5BE529-4AD7-4225-A1BE-6AD0828DA87E}"
EndProject
Project("{9A19103F-16F7-4668-BE54-9A1E7A4F7556}") = "Butterfly.Util", "..\Butterfly.Util\Butterfly.Util\Butterfly.Util.csproj", "{E91F0EC8-7F16-4E41-BFB1-1DC32EA01C5C}"
EndProject
Project("{9A19103F-16F7-4668-BE54-9A1E7A4F7556}") = "Butterfly.Web", "..\Butterfly.Web\Butterfly.Web\Butterfly.Web.csproj", "{F3D2D2D5-9542-4F9C-8C6E-8F7E2B7BF36D}"
EndProject
Global
	GlobalSection(SolutionConfigurationPlatforms) = preSolution
		Debug|Any CPU = Debug|Any CPU
		Release|Any CPU = Release|Any CPU
	EndGlobalSection
	GlobalSection(ProjectConfigurationPlatforms) = postSolution
		{4D722034-2801-4C7F-91EA-19714E2D0B1D}.Debug|Any CPU.ActiveCfg = Debug|Any CPU
		{4D722034-2801-4C7F-91EA-19714E2D0B1D}.Release|Any CPU.ActiveCfg = Debug|Any CPU
		{934C100B-6EC4-47F0-A5EA-5AD829D93506}.Debug|Any CPU.ActiveCfg = Debug|Any CPU
		{934C100B-6EC4-47F0-A5EA-5AD829D93506}.Release|Any CPU.ActiveCfg = Debug|Any CPU
		{8251E5DA-1E55-4F11-BF94-08C84D76819E}.Debug|Any CPU.ActiveCfg = Debug|Any CPU
		{8251E5DA-1E55-4F11-BF94-08C84D76819E}.Debug|Any CPU.Build.0 = Debug|Any CPU
		{8251E5DA-1E55-4F11-BF94-08C84D76819E}.Release|Any CPU.ActiveCfg = Release|Any CPU
		{8251E5DA-1E55-4F11-BF94-08C84D76819E}.Release|Any CPU.Build.0 = Release|Any CPU
		{CBBDF382-4E19-46E9-B5A3-462C70BF67EE}.Debug|Any CPU.ActiveCfg = Debug|Any CPU
		{CBBDF382-4E19-46E9-B5A3-462C70BF67EE}.Debug|Any CPU.Build.0 = Debug|Any CPU
		{CBBDF382-4E19-46E9-B5A3-462C70BF67EE}.Release|Any CPU.ActiveCfg = Release|Any CPU
		{CBBDF382-4E19-46E9-B5A3-462C70BF67EE}.Release|Any CPU.Build.0 = Release|Any CPU
		{F53A853E-B7A9-4FDC-83C8-B56A11BD1918}.Debug|Any CPU.ActiveCfg = Debug|Any CPU
		{F53A853E-B7A9-4FDC-83C8-B56A11BD1918}.Debug|Any CPU.Build.0 = Debug|Any CPU
		{F53A853E-B7A9-4FDC-83C8-B56A11BD1918}.Release|Any CPU.ActiveCfg = Release|Any CPU
		{F53A853E-B7A9-4FDC-83C8-B56A11BD1918}.Release|Any CPU.Build.0 = Release|Any CPU
		{6A9656A3-53DD-429D-BE13-0E9C4ED16904}.Debug|Any CPU.ActiveCfg = Debug|Any CPU
		{6A9656A3-53DD-429D-BE13-0E9C4ED16904}.Debug|Any CPU.Build.0 = Debug|Any CPU
		{6A9656A3-53DD-429D-BE13-0E9C4ED16904}.Release|Any CPU.ActiveCfg = Release|Any CPU
		{6A9656A3-53DD-429D-BE13-0E9C4ED16904}.Release|Any CPU.Build.0 = Release|Any CPU
		{4731523C-53F5-48CB-9058-1FB1E2948634}.Debug|Any CPU.ActiveCfg = Debug|Any CPU
		{4731523C-53F5-48CB-9058-1FB1E2948634}.Debug|Any CPU.Build.0 = Debug|Any CPU
		{4731523C-53F5-48CB-9058-1FB1E2948634}.Release|Any CPU.ActiveCfg = Release|Any CPU
		{4731523C-53F5-48CB-9058-1FB1E2948634}.Release|Any CPU.Build.0 = Release|Any CPU
		{DE097AD4-DAE6-412B-B26E-44D30D932A18}.Debug|Any CPU.ActiveCfg = Debug|Any CPU
		{DE097AD4-DAE6-412B-B26E-44D30D932A18}.Debug|Any CPU.Build.0 = Debug|Any CPU
		{DE097AD4-DAE6-412B-B26E-44D30D932A18}.Release|Any CPU.ActiveCfg = Release|Any CPU
		{DE097AD4-DAE6-412B-B26E-44D30D932A18}.Release|Any CPU.Build.0 = Release|Any CPU
		{0C5BE529-4AD7-4225-A1BE-6AD0828DA87E}.Debug|Any CPU.ActiveCfg = Debug|Any CPU
		{0C5BE529-4AD7-4225-A1BE-6AD0828DA87E}.Debug|Any CPU.Build.0 = Debug|Any CPU
		{0C5BE529-4AD7-4225-A1BE-6AD0828DA87E}.Release|Any CPU.ActiveCfg = Release|Any CPU
		{0C5BE529-4AD7-4225-A1BE-6AD0828DA87E}.Release|Any CPU.Build.0 = Release|Any CPU
		{E91F0EC8-7F16-4E41-BFB1-1DC32EA01C5C}.Debug|Any CPU.ActiveCfg = Debug|Any CPU
		{E91F0EC8-7F16-4E41-BFB1-1DC32EA01C5C}.Debug|Any CPU.Build.0 = Debug|Any CPU
		{E91F0EC8-7F16-4E41-BFB1-1DC32EA01C5C}.Release|Any CPU.ActiveCfg = Release|Any CPU
		{E91F0EC8-7F16-4E41-BFB1-1DC32EA01C5C}.Release|Any CPU.Build.0 = Release|Any CPU
		{F3D2D2D5-9542-4F9C-8C6E-8F7E2B7BF36D}.Debug|Any CPU.ActiveCfg = Debug|Any CPU
		{F3D2D2D5-9542-4F9C-8C6E-8F7E2B7BF36D}.Debug|Any CPU.Build.0 = Debug|Any CPU
		{F3D2D2D5-9542-4F9C-8C6E-8F7E2B7BF36D}.Release|Any CPU.ActiveCfg = Release|Any CPU
		{F3D2D2D5-9542-4F9C-8C6E-8F7E2B7BF36D}.Release|Any CPU.Build.0 = Release|Any CPU
	EndGlobalSection
	GlobalSection(SolutionProperties) = preSolution
		HideSolutionNode = FALSE
	EndGlobalSection
	GlobalSection(ExtensibilityGlobals) = postSolution
		BuildVersion_BuildVersioningStyle = None.None.None.Increment
		BuildVersion_StartDate = 2000/1/1
		SolutionGuid = {7B71B2A6-37E0-45B9-9FE3-48A7CA5E2237}
	EndGlobalSection
EndGlobal
